{
  "nodes": {
    "devenv": {
      "locked": {
        "dir": "src/modules",
        "lastModified": 1773034036,
        "narHash": "sha256-J03ioow4WAtkKmZQ04cCXhar4UwW2RrpXzk7msFJUUA=",
        "owner": "cachix",
        "repo": "devenv",
        "rev": "32c9ecdacbd7093ae096e5ca312c4497e3758159",
        "type": "github"
      },
      "original": {
        "dir": "src/modules",
        "owner": "cachix",
        "repo": "devenv",
        "type": "github"
      }
    },
    "nixpkgs": {
      "locked": {
        "lastModified": 1772927210,
        "narHash": "sha256-FdRDRoV0jRTiPK5ID22BaUX5P0wdsclpxtIOjaEy9Lo=",
        "owner": "NixOS",
        "repo": "nixpkgs",
        "rev": "0e6cdd5be64608ef630c2e41f8d51d484468492f",
        "type": "github"
      },
      "original": {
        "owner": "NixOS",
        "ref": "nixpkgs-unstable",
        "repo": "nixpkgs",
        "type": "github"
      }
    },
    "root": {
      "inputs": {
        "devenv": "devenv",
        "nixpkgs": "nixpkgs"
      }
    }
  },
  "root": "root",
  "version": 7
}